// !$*UTF8*$!
{
	archiveVersion = 1;
	classes = {};
	objectVersion = 56;
	objects = {

/* Begin PBXBuildFile section */
		A10000000000000000000001 /* HangarMacApp.swift in Sources */ = {isa = PBXBuildFile; fileRef = A20000000000000000000001 /* HangarMacApp.swift */; };
		A10000000000000000000002 /* ContentView.swift in Sources */ = {isa = PBXBuildFile; fileRef = A20000000000000000000002 /* ContentView.swift */; };
		A10000000000000000000003 /* HangarCore.swift in Sources */ = {isa = PBXBuildFile; fileRef = A20000000000000000000003 /* HangarCore.swift */; };
		A10000000000000000000005 /* HangarModel.swift in Sources */ = {isa = PBXBuildFile; fileRef = A20000000000000000000005 /* HangarModel.swift */; };
		A10000000000000000000006 /* DashboardView.swift in Sources */ = {isa = PBXBuildFile; fileRef = A20000000000000000000006 /* DashboardView.swift */; };
		A10000000000000000000007 /* AccountCardView.swift in Sources */ = {isa = PBXBuildFile; fileRef = A20000000000000000000007 /* AccountCardView.swift */; };
		A10000000000000000000008 /* QuotaContent.swift in Sources */ = {isa = PBXBuildFile; fileRef = A20000000000000000000008 /* QuotaContent.swift */; };
		A10000000000000000000009 /* OperationNotice.swift in Sources */ = {isa = PBXBuildFile; fileRef = A20000000000000000000009 /* OperationNotice.swift */; };
		A10000000000000000000010 /* Assets.xcassets in Resources */ = {isa = PBXBuildFile; fileRef = A20000000000000000000010 /* Assets.xcassets */; };
		A10000000000000000000011 /* AppLifecycleController.swift in Sources */ = {isa = PBXBuildFile; fileRef = A20000000000000000000011 /* AppLifecycleController.swift */; };
		A10000000000000000000012 /* StatusMenuView.swift in Sources */ = {isa = PBXBuildFile; fileRef = A20000000000000000000012 /* StatusMenuView.swift */; };
		A10000000000000000000013 /* OAuthFlowState.swift in Sources */ = {isa = PBXBuildFile; fileRef = A20000000000000000000013 /* OAuthFlowState.swift */; };
		A10000000000000000000014 /* DoctorPresentation.swift in Sources */ = {isa = PBXBuildFile; fileRef = A20000000000000000000014 /* DoctorPresentation.swift */; };
		A10000000000000000000015 /* OAuthLoginSheet.swift in Sources */ = {isa = PBXBuildFile; fileRef = A20000000000000000000015 /* OAuthLoginSheet.swift */; };
		A10000000000000000000016 /* DoctorSheetView.swift in Sources */ = {isa = PBXBuildFile; fileRef = A20000000000000000000016 /* DoctorSheetView.swift */; };
		A10000000000000000000017 /* AccountDisplayOrder.swift in Sources */ = {isa = PBXBuildFile; fileRef = A20000000000000000000017 /* AccountDisplayOrder.swift */; };
/* End PBXBuildFile section */

/* Begin PBXFileReference section */
		A20000000000000000000001 /* HangarMacApp.swift */ = {isa = PBXFileReference; lastKnownFileType = sourcecode.swift; path = HangarMacApp.swift; sourceTree = "<group>"; };
		A20000000000000000000002 /* ContentView.swift */ = {isa = PBXFileReference; lastKnownFileType = sourcecode.swift; path = ContentView.swift; sourceTree = "<group>"; };
		A20000000000000000000003 /* HangarCore.swift */ = {isa = PBXFileReference; lastKnownFileType = sourcecode.swift; name = HangarCore.swift; path = ../../build/generated/swift/HangarCore.swift; sourceTree = "<group>"; };
		A20000000000000000000004 /* Hangar.app */ = {isa = PBXFileReference; explicitFileType = wrapper.application; includeInIndex = 0; path = Hangar.app; sourceTree = BUILT_PRODUCTS_DIR; };
		A20000000000000000000005 /* HangarModel.swift */ = {isa = PBXFileReference; lastKnownFileType = sourcecode.swift; path = HangarModel.swift; sourceTree = "<group>"; };
		A20000000000000000000006 /* DashboardView.swift */ = {isa = PBXFileReference; lastKnownFileType = sourcecode.swift; path = DashboardView.swift; sourceTree = "<group>"; };
		A20000000000000000000007 /* AccountCardView.swift */ = {isa = PBXFileReference; lastKnownFileType = sourcecode.swift; path = AccountCardView.swift; sourceTree = "<group>"; };
		A20000000000000000000008 /* QuotaContent.swift */ = {isa = PBXFileReference; lastKnownFileType = sourcecode.swift; path = QuotaContent.swift; sourceTree = "<group>"; };
		A20000000000000000000009 /* OperationNotice.swift */ = {isa = PBXFileReference; lastKnownFileType = sourcecode.swift; path = OperationNotice.swift; sourceTree = "<group>"; };
		A20000000000000000000010 /* Assets.xcassets */ = {isa = PBXFileReference; lastKnownFileType = folder.assetcatalog; path = Assets.xcassets; sourceTree = "<group>"; };
		A20000000000000000000011 /* AppLifecycleController.swift */ = {isa = PBXFileReference; lastKnownFileType = sourcecode.swift; path = AppLifecycleController.swift; sourceTree = "<group>"; };
		A20000000000000000000012 /* StatusMenuView.swift */ = {isa = PBXFileReference; lastKnownFileType = sourcecode.swift; path = StatusMenuView.swift; sourceTree = "<group>"; };
		A20000000000000000000013 /* OAuthFlowState.swift */ = {isa = PBXFileReference; lastKnownFileType = sourcecode.swift; path = OAuthFlowState.swift; sourceTree = "<group>"; };
		A20000000000000000000014 /* DoctorPresentation.swift */ = {isa = PBXFileReference; lastKnownFileType = sourcecode.swift; path = DoctorPresentation.swift; sourceTree = "<group>"; };
		A20000000000000000000015 /* OAuthLoginSheet.swift */ = {isa = PBXFileReference; lastKnownFileType = sourcecode.swift; path = OAuthLoginSheet.swift; sourceTree = "<group>"; };
		A20000000000000000000016 /* DoctorSheetView.swift */ = {isa = PBXFileReference; lastKnownFileType = sourcecode.swift; path = DoctorSheetView.swift; sourceTree = "<group>"; };
		A20000000000000000000017 /* AccountDisplayOrder.swift */ = {isa = PBXFileReference; lastKnownFileType = sourcecode.swift; path = AccountDisplayOrder.swift; sourceTree = "<group>"; };
/* End PBXFileReference section */

/* Begin PBXGroup section */
		A30000000000000000000001 = {
			isa = PBXGroup;
			children = (
				A30000000000000000000002 /* HangarMac */,
				A20000000000000000000003 /* HangarCore.swift */,
				A30000000000000000000003 /* Products */,
			);
			sourceTree = "<group>";
		};
		A30000000000000000000002 /* HangarMac */ = {
			isa = PBXGroup;
			children = (
				A20000000000000000000001 /* HangarMacApp.swift */,
				A20000000000000000000002 /* ContentView.swift */,
				A20000000000000000000005 /* HangarModel.swift */,
				A20000000000000000000017 /* AccountDisplayOrder.swift */,
				A20000000000000000000006 /* DashboardView.swift */,
				A20000000000000000000007 /* AccountCardView.swift */,
				A20000000000000000000008 /* QuotaContent.swift */,
				A20000000000000000000009 /* OperationNotice.swift */,
				A20000000000000000000011 /* AppLifecycleController.swift */,
				A20000000000000000000012 /* StatusMenuView.swift */,
				A20000000000000000000013 /* OAuthFlowState.swift */,
				A20000000000000000000014 /* DoctorPresentation.swift */,
				A20000000000000000000015 /* OAuthLoginSheet.swift */,
				A20000000000000000000016 /* DoctorSheetView.swift */,
				A20000000000000000000010 /* Assets.xcassets */,
			);
			path = HangarMac;
			sourceTree = "<group>";
		};
		A30000000000000000000003 /* Products */ = {
			isa = PBXGroup;
			children = (A20000000000000000000004 /* Hangar.app */);
			name = Products;
			sourceTree = "<group>";
		};
/* End PBXGroup section */

/* Begin PBXNativeTarget section */
		A40000000000000000000001 /* HangarMac */ = {
			isa = PBXNativeTarget;
			buildConfigurationList = A70000000000000000000002 /* Build configuration list for PBXNativeTarget "HangarMac" */;
			buildPhases = (
				A50000000000000000000001 /* Generate Rust Bridge */,
				A50000000000000000000002 /* Sources */,
				A50000000000000000000003 /* Resources */,
			);
			buildRules = ();
			dependencies = ();
			name = HangarMac;
			productName = Hangar;
			productReference = A20000000000000000000004 /* Hangar.app */;
			productType = "com.apple.product-type.application";
		};
/* End PBXNativeTarget section */

/* Begin PBXProject section */
		A60000000000000000000001 /* Project object */ = {
			isa = PBXProject;
			attributes = {BuildIndependentTargetsInParallel = 1; LastSwiftUpdateCheck = 2700; LastUpgradeCheck = 2700; };
			buildConfigurationList = A70000000000000000000001 /* Build configuration list for PBXProject "HangarMac" */;
			compatibilityVersion = "Xcode 14.0";
			developmentRegion = en;
			hasScannedForEncodings = 0;
			knownRegions = (en, Base);
			mainGroup = A30000000000000000000001;
			productRefGroup = A30000000000000000000003 /* Products */;
			projectDirPath = "";
			projectRoot = "";
			targets = (A40000000000000000000001 /* HangarMac */);
		};
/* End PBXProject section */

/* Begin PBXShellScriptBuildPhase section */
		A50000000000000000000001 /* Generate Rust Bridge */ = {
			isa = PBXShellScriptBuildPhase;
			alwaysOutOfDate = 1;
			buildActionMask = 2147483647;
			files = ();
			inputPaths = ("$(SRCROOT)/../../crates/hangar-uniffi/src/lib.rs", "$(SRCROOT)/../../crates/hangar-core/src/lib.rs");
			name = "Generate Rust Bridge";
			outputPaths = ("$(SRCROOT)/../../build/generated/swift/HangarCore.swift", "$(SRCROOT)/../../target/debug/libhangar_uniffi.a", "$(SRCROOT)/../../target/release/libhangar_uniffi.a");
			runOnlyForDeploymentPostprocessing = 0;
			shellPath = /bin/sh;
			shellScript = "case \"$CONFIGURATION\" in\n    Debug) export HANGAR_UNIFFI_PROFILE=debug ;;\n    *) export HANGAR_UNIFFI_PROFILE=release ;;\nesac\n\"$SRCROOT/../../scripts/generate-swift-bindings.sh\"\n";
		};
/* End PBXShellScriptBuildPhase section */

/* Begin PBXResourcesBuildPhase section */
		A50000000000000000000003 /* Resources */ = {isa = PBXResourcesBuildPhase; buildActionMask = 2147483647; files = (A10000000000000000000010 /* Assets.xcassets in Resources */); runOnlyForDeploymentPostprocessing = 0; };
/* End PBXResourcesBuildPhase section */

/* Begin PBXSourcesBuildPhase section */
		A50000000000000000000002 /* Sources */ = {isa = PBXSourcesBuildPhase; buildActionMask = 2147483647; files = (A10000000000000000000001, A10000000000000000000002, A10000000000000000000003, A10000000000000000000005, A10000000000000000000006, A10000000000000000000007, A10000000000000000000008, A10000000000000000000009, A10000000000000000000011, A10000000000000000000012, A10000000000000000000013, A10000000000000000000014, A10000000000000000000015, A10000000000000000000016, A10000000000000000000017); runOnlyForDeploymentPostprocessing = 0; };
/* End PBXSourcesBuildPhase section */

/* Begin XCBuildConfiguration section */
		A80000000000000000000001 /* Debug */ = {isa = XCBuildConfiguration; buildSettings = {ALWAYS_SEARCH_USER_PATHS = NO; MACOSX_DEPLOYMENT_TARGET = 14.0; SDKROOT = macosx; }; name = Debug; };
		A80000000000000000000002 /* Release */ = {isa = XCBuildConfiguration; buildSettings = {ALWAYS_SEARCH_USER_PATHS = NO; MACOSX_DEPLOYMENT_TARGET = 14.0; SDKROOT = macosx; }; name = Release; };
		A80000000000000000000003 /* Debug */ = {isa = XCBuildConfiguration; buildSettings = {
			ASSETCATALOG_COMPILER_APPICON_NAME = AppIcon;
			CODE_SIGNING_ALLOWED = NO;
			CURRENT_PROJECT_VERSION = 1.7.0;
			ENABLE_USER_SCRIPT_SANDBOXING = NO;
			GENERATE_INFOPLIST_FILE = NO;
			INFOPLIST_FILE = HangarMac/Info.plist;
			LIBRARY_SEARCH_PATHS = ("$(inherited)", "$(SRCROOT)/../../target/debug");
			MACOSX_DEPLOYMENT_TARGET = 14.0;
			MARKETING_VERSION = 0.7.0;
			OTHER_LDFLAGS = ("$(inherited)", "-lhangar_uniffi");
			OTHER_SWIFT_FLAGS = ("$(inherited)", "-Xcc", "-fmodule-map-file=$(SRCROOT)/../../build/generated/swift/module.modulemap");
			PRODUCT_BUNDLE_IDENTIFIER = dev.mocika.hangar;
			PRODUCT_NAME = Hangar;
			SWIFT_VERSION = 6.0;
		}; name = Debug; };
		A80000000000000000000004 /* Release */ = {isa = XCBuildConfiguration; buildSettings = {
			ASSETCATALOG_COMPILER_APPICON_NAME = AppIcon;
			CODE_SIGNING_ALLOWED = NO;
			CURRENT_PROJECT_VERSION = 1.7.0;
			ENABLE_USER_SCRIPT_SANDBOXING = NO;
			GENERATE_INFOPLIST_FILE = NO;
			INFOPLIST_FILE = HangarMac/Info.plist;
			LIBRARY_SEARCH_PATHS = ("$(inherited)", "$(SRCROOT)/../../target/release");
			MACOSX_DEPLOYMENT_TARGET = 14.0;
			MARKETING_VERSION = 0.7.0;
			OTHER_LDFLAGS = ("$(inherited)", "-lhangar_uniffi");
			OTHER_SWIFT_FLAGS = ("$(inherited)", "-Xcc", "-fmodule-map-file=$(SRCROOT)/../../build/generated/swift/module.modulemap");
			PRODUCT_BUNDLE_IDENTIFIER = dev.mocika.hangar;
			PRODUCT_NAME = Hangar;
			SWIFT_OPTIMIZATION_LEVEL = "-O";
			SWIFT_VERSION = 6.0;
		}; name = Release; };
/* End XCBuildConfiguration section */

/* Begin XCConfigurationList section */
		A70000000000000000000001 /* Build configuration list for PBXProject "HangarMac" */ = {isa = XCConfigurationList; buildConfigurations = (A80000000000000000000001, A80000000000000000000002); defaultConfigurationIsVisible = 0; defaultConfigurationName = Release; };
		A70000000000000000000002 /* Build configuration list for PBXNativeTarget "HangarMac" */ = {isa = XCConfigurationList; buildConfigurations = (A80000000000000000000003, A80000000000000000000004); defaultConfigurationIsVisible = 0; defaultConfigurationName = Release; };
/* End XCConfigurationList section */
	};
	rootObject = A60000000000000000000001 /* Project object */;
}
