// !$*UTF8*$!
{
	archiveVersion = 1;
	classes = {
	};
	objectVersion = 110;
	objects = {

/* Begin PBXBuildFile section */
		132EBC6D306589E30009CE88 /* HangarCore.swift in Sources */ = {isa = PBXBuildFile; fileRef = 132EBC6E306589E30009CE88 /* HangarCore.swift */; };
/* End PBXBuildFile section */

/* Begin PBXFileReference section */
		132EBC5F306589E20009CE88 /* Hangar.app */ = {isa = PBXFileReference; explicitFileType = wrapper.application; includeInIndex = 0; path = Hangar.app; sourceTree = BUILT_PRODUCTS_DIR; };
		132EBC6E306589E30009CE88 /* HangarCore.swift */ = {isa = PBXFileReference; lastKnownFileType = sourcecode.swift; name = HangarCore.swift; path = ../../build/generated/swift/HangarCore.swift; sourceTree = "<group>"; };
/* End PBXFileReference section */

/* Begin PBXFileSystemSynchronizedRootGroup section */
		132EBC61306589E20009CE88 /* Hangar */ = {
			isa = PBXFileSystemSynchronizedRootGroup;
			path = Hangar;
			sourceTree = "<group>";
		};
/* End PBXFileSystemSynchronizedRootGroup section */

/* Begin PBXFrameworksBuildPhase section */
		132EBC5C306589E20009CE88 /* Frameworks */ = {
			isa = PBXFrameworksBuildPhase;
			files = (
			);
		};
/* End PBXFrameworksBuildPhase section */

/* Begin PBXGroup section */
		132EBC56306589E20009CE88 = {
			isa = PBXGroup;
			children = (
				132EBC61306589E20009CE88 /* Hangar */,
				132EBC6E306589E30009CE88 /* HangarCore.swift */,
				132EBC60306589E20009CE88 /* Products */,
			);
			sourceTree = "<group>";
		};
		132EBC60306589E20009CE88 /* Products */ = {
			isa = PBXGroup;
			children = (
				132EBC5F306589E20009CE88 /* Hangar.app */,
			);
			name = Products;
			sourceTree = "<group>";
		};
/* End PBXGroup section */

/* Begin PBXNativeTarget section */
		132EBC5E306589E20009CE88 /* Hangar */ = {
			isa = PBXNativeTarget;
			buildConfigurationList = 132EBC6A306589E30009CE88 /* Build configuration list for PBXNativeTarget "Hangar" */;
			buildPhases = (
				132EBC6F306589E30009CE88 /* Generate Rust Bridge */,
				132EBC5B306589E20009CE88 /* Sources */,
				132EBC5C306589E20009CE88 /* Frameworks */,
				132EBC5D306589E20009CE88 /* Resources */,
			);
			buildRules = (
			);
			fileSystemSynchronizedGroups = (
				132EBC61306589E20009CE88 /* Hangar */,
			);
			name = Hangar;
			productName = Hangar;
			productReference = 132EBC5F306589E20009CE88 /* Hangar.app */;
			productType = "com.apple.product-type.application";
		};
/* End PBXNativeTarget section */

/* Begin PBXProject section */
		132EBC57306589E20009CE88 /* Project object */ = {
			isa = PBXProject;
			attributes = {
				BuildIndependentTargetsInParallel = 1;
				LastSwiftUpdateCheck = 2700;
				LastUpgradeCheck = 2700;
				TargetAttributes = {
					132EBC5E306589E20009CE88 = {
						CreatedOnToolsVersion = 27.0;
					};
				};
			};
			buildConfigurationList = 132EBC5A306589E20009CE88 /* Build configuration list for PBXProject "Hangar" */;
			developmentRegion = en;
			hasScannedForEncodings = 0;
			knownRegions = (
				en,
				Base,
			);
			mainGroup = 132EBC56306589E20009CE88;
			minimizedProjectReferenceProxies = 1;
			preferredProjectObjectVersion = 77;
			productRefGroup = 132EBC60306589E20009CE88 /* Products */;
			projectDirPath = "";
			projectRoot = "";
			targets = (
				132EBC5E306589E20009CE88 /* Hangar */,
			);
		};
/* End PBXProject section */

/* Begin PBXShellScriptBuildPhase section */
		132EBC6F306589E30009CE88 /* Generate Rust Bridge */ = {
			isa = PBXShellScriptBuildPhase;
			alwaysOutOfDate = 1;
			buildActionMask = 2147483647;
			files = (
			);
			inputPaths = (
				"$(SRCROOT)/../../Cargo.lock",
				"$(SRCROOT)/../../crates/hangar-uniffi/src/lib.rs",
				"$(SRCROOT)/../../crates/hangar-core/src/lib.rs",
			);
			name = "Generate Rust Bridge";
			outputPaths = (
				"$(SRCROOT)/../../build/generated/swift/HangarCore.swift",
			);
			runOnlyForDeploymentPostprocessing = 0;
			shellPath = /bin/sh;
			shellScript = "case \"$CONFIGURATION\" in\n    Debug) export HANGAR_UNIFFI_PROFILE=debug ;;\n    *) export HANGAR_UNIFFI_PROFILE=release ;;\nesac\n\"$SRCROOT/../../scripts/generate-swift-bindings.sh\"\n";
		};
/* End PBXShellScriptBuildPhase section */

/* Begin PBXResourcesBuildPhase section */
		132EBC5D306589E20009CE88 /* Resources */ = {
			isa = PBXResourcesBuildPhase;
			files = (
			);
		};
/* End PBXResourcesBuildPhase section */

/* Begin PBXSourcesBuildPhase section */
		132EBC5B306589E20009CE88 /* Sources */ = {
			isa = PBXSourcesBuildPhase;
			files = (
				132EBC6D306589E30009CE88 /* HangarCore.swift in Sources */,
			);
		};
/* End PBXSourcesBuildPhase section */

/* Begin XCBuildConfiguration section */
		132EBC68306589E30009CE88 /* Debug configuration for PBXProject "Hangar" */ = {
			isa = XCBuildConfiguration;
			buildSettings = {
				ALWAYS_SEARCH_USER_PATHS = NO;
				ASSETCATALOG_COMPILER_GENERATE_SWIFT_ASSET_SYMBOL_EXTENSIONS = YES;
				CLANG_ANALYZER_NONNULL = YES;
				CLANG_ANALYZER_NUMBER_OBJECT_CONVERSION = YES_AGGRESSIVE;
				CLANG_CXX_LANGUAGE_STANDARD = "gnu++20";
				CLANG_ENABLE_MODULES = YES;
				CLANG_ENABLE_OBJC_ARC = YES;
				CLANG_ENABLE_OBJC_WEAK = YES;
				CLANG_WARN_BLOCK_CAPTURE_AUTORELEASING = YES;
				CLANG_WARN_BOOL_CONVERSION = YES;
				CLANG_WARN_COMMA = YES;
				CLANG_WARN_CONSTANT_CONVERSION = YES;
				CLANG_WARN_DEPRECATED_OBJC_IMPLEMENTATIONS = YES;
				CLANG_WARN_DIRECT_OBJC_ISA_USAGE = YES_ERROR;
				CLANG_WARN_DOCUMENTATION_COMMENTS = YES;
				CLANG_WARN_EMPTY_BODY = YES;
				CLANG_WARN_ENUM_CONVERSION = YES;
				CLANG_WARN_INFINITE_RECURSION = YES;
				CLANG_WARN_INT_CONVERSION = YES;
				CLANG_WARN_NON_LITERAL_NULL_CONVERSION = YES;
				CLANG_WARN_OBJC_IMPLICIT_RETAIN_SELF = YES;
				CLANG_WARN_OBJC_LITERAL_CONVERSION = YES;
				CLANG_WARN_OBJC_ROOT_CLASS = YES_ERROR;
				CLANG_WARN_QUOTED_INCLUDE_IN_FRAMEWORK_HEADER = YES;
				CLANG_WARN_RANGE_LOOP_ANALYSIS = YES;
				CLANG_WARN_STRICT_PROTOTYPES = YES;
				CLANG_WARN_SUSPICIOUS_MOVE = YES;
				CLANG_WARN_UNGUARDED_AVAILABILITY = YES_AGGRESSIVE;
				CLANG_WARN_UNREACHABLE_CODE = YES;
				CLANG_WARN__DUPLICATE_METHOD_MATCH = YES;
				COPY_PHASE_STRIP = NO;
				DEBUG_INFORMATION_FORMAT = dwarf;
				ENABLE_STRICT_OBJC_MSGSEND = YES;
				ENABLE_TESTABILITY = YES;
				ENABLE_USER_SCRIPT_SANDBOXING = NO;
				GCC_C_LANGUAGE_STANDARD = gnu17;
				GCC_DYNAMIC_NO_PIC = NO;
				GCC_NO_COMMON_BLOCKS = YES;
				GCC_OPTIMIZATION_LEVEL = 0;
				GCC_PREPROCESSOR_DEFINITIONS = (
					"DEBUG=1",
					"$(inherited)",
				);
				GCC_WARN_64_TO_32_BIT_CONVERSION = YES;
				GCC_WARN_ABOUT_RETURN_TYPE = YES_ERROR;
				GCC_WARN_UNDECLARED_SELECTOR = YES;
				GCC_WARN_UNINITIALIZED_AUTOS = YES_AGGRESSIVE;
				GCC_WARN_UNUSED_FUNCTION = YES;
				GCC_WARN_UNUSED_VARIABLE = YES;
				LOCALIZATION_PREFERS_STRING_CATALOGS = YES;
				MACOSX_DEPLOYMENT_TARGET = 14.0;
				MTL_ENABLE_DEBUG_INFO = INCLUDE_SOURCE;
				MTL_FAST_MATH = YES;
				ONLY_ACTIVE_ARCH = YES;
				SDKROOT = macosx;
				SWIFT_ACTIVE_COMPILATION_CONDITIONS = "DEBUG $(inherited)";
				SWIFT_OPTIMIZATION_LEVEL = "-Onone";
			};
			name = Debug;
		};
		132EBC69306589E30009CE88 /* Release configuration for PBXProject "Hangar" */ = {
			isa = XCBuildConfiguration;
			buildSettings = {
				ALWAYS_SEARCH_USER_PATHS = NO;
				ASSETCATALOG_COMPILER_GENERATE_SWIFT_ASSET_SYMBOL_EXTENSIONS = YES;
				CLANG_ANALYZER_NONNULL = YES;
				CLANG_ANALYZER_NUMBER_OBJECT_CONVERSION = YES_AGGRESSIVE;
				CLANG_CXX_LANGUAGE_STANDARD = "gnu++20";
				CLANG_ENABLE_MODULES = YES;
				CLANG_ENABLE_OBJC_ARC = YES;
				CLANG_ENABLE_OBJC_WEAK = YES;
				CLANG_WARN_BLOCK_CAPTURE_AUTORELEASING = YES;
				CLANG_WARN_BOOL_CONVERSION = YES;
				CLANG_WARN_COMMA = YES;
				CLANG_WARN_CONSTANT_CONVERSION = YES;
				CLANG_WARN_DEPRECATED_OBJC_IMPLEMENTATIONS = YES;
				CLANG_WARN_DIRECT_OBJC_ISA_USAGE = YES_ERROR;
				CLANG_WARN_DOCUMENTATION_COMMENTS = YES;
				CLANG_WARN_EMPTY_BODY = YES;
				CLANG_WARN_ENUM_CONVERSION = YES;
				CLANG_WARN_INFINITE_RECURSION = YES;
				CLANG_WARN_INT_CONVERSION = YES;
				CLANG_WARN_NON_LITERAL_NULL_CONVERSION = YES;
				CLANG_WARN_OBJC_IMPLICIT_RETAIN_SELF = YES;
				CLANG_WARN_OBJC_LITERAL_CONVERSION = YES;
				CLANG_WARN_OBJC_ROOT_CLASS = YES_ERROR;
				CLANG_WARN_QUOTED_INCLUDE_IN_FRAMEWORK_HEADER = YES;
				CLANG_WARN_RANGE_LOOP_ANALYSIS = YES;
				CLANG_WARN_STRICT_PROTOTYPES = YES;
				CLANG_WARN_SUSPICIOUS_MOVE = YES;
				CLANG_WARN_UNGUARDED_AVAILABILITY = YES_AGGRESSIVE;
				CLANG_WARN_UNREACHABLE_CODE = YES;
				CLANG_WARN__DUPLICATE_METHOD_MATCH = YES;
				COPY_PHASE_STRIP = NO;
				DEBUG_INFORMATION_FORMAT = "dwarf-with-dsym";
				ENABLE_NS_ASSERTIONS = NO;
				ENABLE_STRICT_OBJC_MSGSEND = YES;
				ENABLE_USER_SCRIPT_SANDBOXING = NO;
				GCC_C_LANGUAGE_STANDARD = gnu17;
				GCC_NO_COMMON_BLOCKS = YES;
				GCC_WARN_64_TO_32_BIT_CONVERSION = YES;
				GCC_WARN_ABOUT_RETURN_TYPE = YES_ERROR;
				GCC_WARN_UNDECLARED_SELECTOR = YES;
				GCC_WARN_UNINITIALIZED_AUTOS = YES_AGGRESSIVE;
				GCC_WARN_UNUSED_FUNCTION = YES;
				GCC_WARN_UNUSED_VARIABLE = YES;
				LOCALIZATION_PREFERS_STRING_CATALOGS = YES;
				MACOSX_DEPLOYMENT_TARGET = 14.0;
				MTL_ENABLE_DEBUG_INFO = NO;
				MTL_FAST_MATH = YES;
				SDKROOT = macosx;
				SWIFT_COMPILATION_MODE = wholemodule;
			};
			name = Release;
		};
		132EBC6B306589E30009CE88 /* Debug configuration for PBXNativeTarget "Hangar" */ = {
			isa = XCBuildConfiguration;
			buildSettings = {
				ASSETCATALOG_COMPILER_APPICON_NAME = AppIcon;
				ASSETCATALOG_COMPILER_GLOBAL_ACCENT_COLOR_NAME = AccentColor;
				CARGO_TARGET_DIR = "$(SRCROOT)/../../target";
				CODE_SIGNING_ALLOWED = NO;
				CODE_SIGN_STYLE = Automatic;
				COMBINE_HIDPI_IMAGES = YES;
				CURRENT_PROJECT_VERSION = 1.7.0;
				ENABLE_APP_SANDBOX = NO;
				ENABLE_PREVIEWS = YES;
				ENABLE_USER_SELECTED_FILES = readonly;
				GENERATE_INFOPLIST_FILE = YES;
				INFOPLIST_KEY_CFBundleDisplayName = Hangar;
				LD_RUNPATH_SEARCH_PATHS = (
					"$(inherited)",
					"@executable_path/../Frameworks",
				);
				LIBRARY_SEARCH_PATHS = ("$(inherited)", "$(CARGO_TARGET_DIR)/debug");
				MARKETING_VERSION = 0.7.0;
				OTHER_LDFLAGS = ("$(inherited)", "$(CARGO_TARGET_DIR)/debug/libhangar_uniffi.a");
				OTHER_SWIFT_FLAGS = ("$(inherited)", "-Xcc", "-fmodule-map-file=$(SRCROOT)/../../build/generated/swift/module.modulemap");
				PRODUCT_BUNDLE_IDENTIFIER = dev.mocika.hangar;
				PRODUCT_NAME = "$(TARGET_NAME)";
				REGISTER_APP_GROUPS = YES;
				STRING_CATALOG_GENERATE_SYMBOLS = YES;
				SWIFT_EMIT_LOC_STRINGS = YES;
				SWIFT_VERSION = 6.0;
			};
			name = Debug;
		};
		132EBC6C306589E30009CE88 /* Release configuration for PBXNativeTarget "Hangar" */ = {
			isa = XCBuildConfiguration;
			buildSettings = {
				ASSETCATALOG_COMPILER_APPICON_NAME = AppIcon;
				ASSETCATALOG_COMPILER_GLOBAL_ACCENT_COLOR_NAME = AccentColor;
				CARGO_TARGET_DIR = "$(SRCROOT)/../../target";
				CODE_SIGNING_ALLOWED = NO;
				CODE_SIGN_STYLE = Automatic;
				COMBINE_HIDPI_IMAGES = YES;
				CURRENT_PROJECT_VERSION = 1.7.0;
				ENABLE_APP_SANDBOX = NO;
				ENABLE_PREVIEWS = YES;
				ENABLE_USER_SELECTED_FILES = readonly;
				GENERATE_INFOPLIST_FILE = YES;
				INFOPLIST_KEY_CFBundleDisplayName = Hangar;
				LD_RUNPATH_SEARCH_PATHS = (
					"$(inherited)",
					"@executable_path/../Frameworks",
				);
				LIBRARY_SEARCH_PATHS = ("$(inherited)", "$(CARGO_TARGET_DIR)/release");
				MARKETING_VERSION = 0.7.0;
				OTHER_LDFLAGS = ("$(inherited)", "$(CARGO_TARGET_DIR)/release/libhangar_uniffi.a");
				OTHER_SWIFT_FLAGS = ("$(inherited)", "-Xcc", "-fmodule-map-file=$(SRCROOT)/../../build/generated/swift/module.modulemap");
				PRODUCT_BUNDLE_IDENTIFIER = dev.mocika.hangar;
				PRODUCT_NAME = "$(TARGET_NAME)";
				REGISTER_APP_GROUPS = YES;
				STRING_CATALOG_GENERATE_SYMBOLS = YES;
				SWIFT_EMIT_LOC_STRINGS = YES;
				SWIFT_OPTIMIZATION_LEVEL = "-O";
				SWIFT_VERSION = 6.0;
			};
			name = Release;
		};
/* End XCBuildConfiguration section */

/* Begin XCConfigurationList section */
		132EBC5A306589E20009CE88 /* Build configuration list for PBXProject "Hangar" */ = {
			isa = XCConfigurationList;
			buildConfigurations = (
				132EBC68306589E30009CE88 /* Debug configuration for PBXProject "Hangar" */,
				132EBC69306589E30009CE88 /* Release configuration for PBXProject "Hangar" */,
			);
			defaultConfigurationName = Release;
		};
		132EBC6A306589E30009CE88 /* Build configuration list for PBXNativeTarget "Hangar" */ = {
			isa = XCConfigurationList;
			buildConfigurations = (
				132EBC6B306589E30009CE88 /* Debug configuration for PBXNativeTarget "Hangar" */,
				132EBC6C306589E30009CE88 /* Release configuration for PBXNativeTarget "Hangar" */,
			);
			defaultConfigurationName = Release;
		};
/* End XCConfigurationList section */
	};
	rootObject = 132EBC57306589E20009CE88 /* Project object */;
	validationLevel = 1;
}
